schema: '2.0'
stages:
  prepare_supabase_predictions_table:
    cmd: python3 src/prepare_supabase_predictions_table.py
    deps:
    - path: src/prepare_supabase_predictions_table.py
      hash: md5
      md5: 715ef830a4735b69b32a666342222952
      size: 2089
    - path: supabase_logger.py
      hash: md5
      md5: 10981012abe65e891fa083d68741074e
      size: 7738
    outs:
    - path: reports/supabase_predictions_table_ready.txt
      hash: md5
      md5: 730dd0653cab6be903cacb0017b3132c
      size: 154
  ingest:
    cmd: python3 src/ingestion.py
    outs:
    - path: data/raw/wine_quality.csv
      hash: md5
      md5: a543a802db68dbdbbdb962fae7606144
      size: 446071
  preprocess:
    cmd: python3 src/preprocessing.py
    deps:
    - path: data/raw/wine_quality.csv
      hash: md5
      md5: a543a802db68dbdbbdb962fae7606144
      size: 446071
    - path: src/preprocessing.py
      hash: md5
      md5: 695b40e2d45f9536df980450157bcd49
      size: 3716
    outs:
    - path: data/processed/wine_processed.parquet
      hash: md5
      md5: d1f5ef1d774fb1ff915ad4aa35ba2ce0
      size: 97049
  prepare:
    cmd: python3 src/prepare_data.py
    deps:
    - path: data/processed/wine_processed.parquet
      hash: md5
      md5: d1f5ef1d774fb1ff915ad4aa35ba2ce0
      size: 97049
    - path: src/prepare_data.py
      hash: md5
      md5: 866404ec92b122b878ee37e048bad5ab
      size: 3075
    outs:
    - path: data/processed/splits/test.parquet
      hash: md5
      md5: 48cb8e7edab5db360fe8447102d162cb
      size: 32787
    - path: data/processed/splits/train.parquet
      hash: md5
      md5: 21abc83c5609abc1a63dbfeb17152a76
      size: 66305
    - path: data/processed/splits/val.parquet
      hash: md5
      md5: 706e1c16541a24b846699946e6013699
      size: 32674
  train:
    cmd: python3 src/train.py
    deps:
    - path: data/processed/splits/train.parquet
      hash: md5
      md5: 21abc83c5609abc1a63dbfeb17152a76
      size: 66305
    - path: data/processed/splits/val.parquet
      hash: md5
      md5: 706e1c16541a24b846699946e6013699
      size: 32674
    - path: src/train.py
      hash: md5
      md5: c2263438376f411ba1ae6f7b355e4b09
      size: 18778
    outs:
    - path: models/best_model.pkl
      hash: md5
      md5: e1db711eb52fabd90dbd70e7162f2b9f
      size: 6515563
    - path: models/trained/SMOTE_knn.joblib
      hash: md5
      md5: 12ddba273e9940596be5f292f28b4610
      size: 1460497
    - path: models/trained/SMOTE_logistic_regression.joblib
      hash: md5
      md5: 78908e4f1903352e3f0ce427279af8ca
      size: 3738
    - path: models/trained/SMOTE_mlp.joblib
      hash: md5
      md5: 148f68bcdfa0f4f6ef63fca596dc2ee4
      size: 751434
    - path: models/trained/SMOTE_random_forest.joblib
      hash: md5
      md5: 2cfb4787dafc41280f3ad04bf6ad21f4
      size: 10559083
    - path: models/trained/SMOTE_svm.joblib
      hash: md5
      md5: ba3a3cf5a04c41f48c8ca772882e83b5
      size: 369830
    - path: models/trained/SMOTE_xgboost.joblib
      hash: md5
      md5: cf48f8c77c04f437e1501e853bb9bfde
      size: 279356
    - path: models/trained/Tomek_knn.joblib
      hash: md5
      md5: feba332f1db1f13dc45a384ddaee86d0
      size: 874497
    - path: models/trained/Tomek_logistic_regression.joblib
      hash: md5
      md5: b3d1f391560034a28ab35c538906c533
      size: 3738
    - path: models/trained/Tomek_mlp.joblib
      hash: md5
      md5: 144243a9e1d941afab9c185afbc89f74
      size: 753178
    - path: models/trained/Tomek_random_forest.joblib
      hash: md5
      md5: e1db711eb52fabd90dbd70e7162f2b9f
      size: 6515563
    - path: models/trained/Tomek_svm.joblib
      hash: md5
      md5: 4c98650e45a75d5057b491bdb11c1592
      size: 189654
    - path: models/trained/Tomek_xgboost.joblib
      hash: md5
      md5: 3519b007a45fa314540f5e0df627a7bd
      size: 262848
    - path: reports/training_report.json
      hash: md5
      md5: 215484aa58035b1fb18863be61c10d4e
      size: 1566
  evaluate:
    cmd: python3 src/evaluate.py
    deps:
    - path: data/processed/splits/test.parquet
      hash: md5
      md5: 48cb8e7edab5db360fe8447102d162cb
      size: 32787
    - path: models/trained/SMOTE_knn.joblib
      hash: md5
      md5: 12ddba273e9940596be5f292f28b4610
      size: 1460497
    - path: models/trained/SMOTE_logistic_regression.joblib
      hash: md5
      md5: 78908e4f1903352e3f0ce427279af8ca
      size: 3738
    - path: models/trained/SMOTE_mlp.joblib
      hash: md5
      md5: 148f68bcdfa0f4f6ef63fca596dc2ee4
      size: 751434
    - path: models/trained/SMOTE_random_forest.joblib
      hash: md5
      md5: 2cfb4787dafc41280f3ad04bf6ad21f4
      size: 10559083
    - path: models/trained/SMOTE_svm.joblib
      hash: md5
      md5: ba3a3cf5a04c41f48c8ca772882e83b5
      size: 369830
    - path: models/trained/SMOTE_xgboost.joblib
      hash: md5
      md5: cf48f8c77c04f437e1501e853bb9bfde
      size: 279356
    - path: models/trained/Tomek_knn.joblib
      hash: md5
      md5: feba332f1db1f13dc45a384ddaee86d0
      size: 874497
    - path: models/trained/Tomek_logistic_regression.joblib
      hash: md5
      md5: b3d1f391560034a28ab35c538906c533
      size: 3738
    - path: models/trained/Tomek_mlp.joblib
      hash: md5
      md5: 144243a9e1d941afab9c185afbc89f74
      size: 753178
    - path: models/trained/Tomek_random_forest.joblib
      hash: md5
      md5: e1db711eb52fabd90dbd70e7162f2b9f
      size: 6515563
    - path: models/trained/Tomek_svm.joblib
      hash: md5
      md5: 4c98650e45a75d5057b491bdb11c1592
      size: 189654
    - path: models/trained/Tomek_xgboost.joblib
      hash: md5
      md5: 3519b007a45fa314540f5e0df627a7bd
      size: 262848
    - path: src/evaluate.py
      hash: md5
      md5: ef99b2d9bcf04ead07f4f0acbbd1ff5d
      size: 12069
    outs:
    - path: reports/evaluation_report.json
      hash: md5
      md5: 19beeb7c5299f8ef733d3c69eac65e55
      size: 1619
