schema: '2.0'
stages:
  prepare_supabase_predictions_table:
    cmd: python3 src/prepare_supabase_predictions_table.py
    deps:
    - path: src/prepare_supabase_predictions_table.py
      hash: md5
      md5: 715ef830a4735b69b32a666342222952
      size: 2089
    - path: supabase_logger.py
      hash: md5
      md5: 10981012abe65e891fa083d68741074e
      size: 7738
    outs:
    - path: reports/supabase_predictions_table_ready.txt
      hash: md5
      md5: 730dd0653cab6be903cacb0017b3132c
      size: 154
  ingest:
    cmd: python3 src/ingestion.py
    outs:
    - path: data/raw/wine_quality.csv
      hash: md5
      md5: a543a802db68dbdbbdb962fae7606144
      size: 446071
  preprocess:
    cmd: python3 src/preprocessing.py
    deps:
    - path: data/raw/wine_quality.csv
      hash: md5
      md5: a543a802db68dbdbbdb962fae7606144
      size: 446071
    - path: src/preprocessing.py
      hash: md5
      md5: 695b40e2d45f9536df980450157bcd49
      size: 3716
    outs:
    - path: data/processed/wine_processed.parquet
      hash: md5
      md5: d1f5ef1d774fb1ff915ad4aa35ba2ce0
      size: 97049
  prepare:
    cmd: python3 src/prepare_data.py
    deps:
    - path: data/processed/wine_processed.parquet
      hash: md5
      md5: d1f5ef1d774fb1ff915ad4aa35ba2ce0
      size: 97049
    - path: src/prepare_data.py
      hash: md5
      md5: 866404ec92b122b878ee37e048bad5ab
      size: 3075
    outs:
    - path: data/processed/splits/test.parquet
      hash: md5
      md5: 48cb8e7edab5db360fe8447102d162cb
      size: 32787
    - path: data/processed/splits/train.parquet
      hash: md5
      md5: 21abc83c5609abc1a63dbfeb17152a76
      size: 66305
    - path: data/processed/splits/val.parquet
      hash: md5
      md5: 706e1c16541a24b846699946e6013699
      size: 32674
  train:
    cmd: python3 src/train.py
    deps:
    - path: data/processed/splits/train.parquet
      hash: md5
      md5: 21abc83c5609abc1a63dbfeb17152a76
      size: 66305
    - path: data/processed/splits/val.parquet
      hash: md5
      md5: 706e1c16541a24b846699946e6013699
      size: 32674
    - path: src/train.py
      hash: md5
      md5: 9aa6b559569709ee4719405b8ae948ee
      size: 18548
    outs:
    - path: models/best_model.pkl
      hash: md5
      md5: d156607ff9ede20aa8cf4f7e6a27dc93
      size: 6515058
    - path: models/trained/SMOTE_knn.joblib
      hash: md5
      md5: ee58a8053139c82d39fc3db1bb22614f
      size: 1459992
    - path: models/trained/SMOTE_logistic_regression.joblib
      hash: md5
      md5: 287b220367df372131f1b2b009cdab09
      size: 3233
    - path: models/trained/SMOTE_mlp.joblib
      hash: md5
      md5: cc30bf7f875a45838998c001dcee649c
      size: 750929
    - path: models/trained/SMOTE_random_forest.joblib
      hash: md5
      md5: 28fcd4542ffffe7adc3fa09fca72e135
      size: 10558578
    - path: models/trained/SMOTE_svm.joblib
      hash: md5
      md5: 76778046cc36b254077acee8d26a0036
      size: 369309
    - path: models/trained/SMOTE_xgboost.joblib
      hash: md5
      md5: b73972c975356efdd9ee92bc84b4f695
      size: 278849
    - path: models/trained/Tomek_knn.joblib
      hash: md5
      md5: b8120aa774bbc39ade26418d0361aaea
      size: 873992
    - path: models/trained/Tomek_logistic_regression.joblib
      hash: md5
      md5: e00ce743bf266ec905cb4de74fafd242
      size: 3233
    - path: models/trained/Tomek_mlp.joblib
      hash: md5
      md5: 89045eff76ff30485c2d420a5d8c3004
      size: 752673
    - path: models/trained/Tomek_random_forest.joblib
      hash: md5
      md5: d156607ff9ede20aa8cf4f7e6a27dc93
      size: 6515058
    - path: models/trained/Tomek_svm.joblib
      hash: md5
      md5: ac50b068549ea10788744c2248deed0a
      size: 189133
    - path: models/trained/Tomek_xgboost.joblib
      hash: md5
      md5: 786d90aaed7fd2bf6c4422c23e9f7360
      size: 262341
    - path: reports/training_report.json
      hash: md5
      md5: 215484aa58035b1fb18863be61c10d4e
      size: 1566
  evaluate:
    cmd: python3 src/evaluate.py
    deps:
    - path: data/processed/splits/test.parquet
      hash: md5
      md5: 48cb8e7edab5db360fe8447102d162cb
      size: 32787
    - path: models/trained/SMOTE_knn.joblib
      hash: md5
      md5: ee58a8053139c82d39fc3db1bb22614f
      size: 1459992
    - path: models/trained/SMOTE_logistic_regression.joblib
      hash: md5
      md5: 287b220367df372131f1b2b009cdab09
      size: 3233
    - path: models/trained/SMOTE_mlp.joblib
      hash: md5
      md5: cc30bf7f875a45838998c001dcee649c
      size: 750929
    - path: models/trained/SMOTE_random_forest.joblib
      hash: md5
      md5: 28fcd4542ffffe7adc3fa09fca72e135
      size: 10558578
    - path: models/trained/SMOTE_svm.joblib
      hash: md5
      md5: 76778046cc36b254077acee8d26a0036
      size: 369309
    - path: models/trained/SMOTE_xgboost.joblib
      hash: md5
      md5: b73972c975356efdd9ee92bc84b4f695
      size: 278849
    - path: models/trained/Tomek_knn.joblib
      hash: md5
      md5: b8120aa774bbc39ade26418d0361aaea
      size: 873992
    - path: models/trained/Tomek_logistic_regression.joblib
      hash: md5
      md5: e00ce743bf266ec905cb4de74fafd242
      size: 3233
    - path: models/trained/Tomek_mlp.joblib
      hash: md5
      md5: 89045eff76ff30485c2d420a5d8c3004
      size: 752673
    - path: models/trained/Tomek_random_forest.joblib
      hash: md5
      md5: d156607ff9ede20aa8cf4f7e6a27dc93
      size: 6515058
    - path: models/trained/Tomek_svm.joblib
      hash: md5
      md5: ac50b068549ea10788744c2248deed0a
      size: 189133
    - path: models/trained/Tomek_xgboost.joblib
      hash: md5
      md5: 786d90aaed7fd2bf6c4422c23e9f7360
      size: 262341
    - path: src/evaluate.py
      hash: md5
      md5: ef99b2d9bcf04ead07f4f0acbbd1ff5d
      size: 12069
    outs:
    - path: reports/evaluation_report.json
      hash: md5
      md5: 841924810e75afaf0d8759d775cb7a6a
      size: 548
